// !$*UTF8*$!
{
	archiveVersion = 1;
	classes = {
	};
	objectVersion = 55;
	objects = {

/* Begin PBXBuildFile section */
		84FD4CD1277C6C9C0071B3E7 /* AppDelegate.swift in Sources */ = {isa = PBXBuildFile; fileRef = 84FD4CD0277C6C9C0071B3E7 /* AppDelegate.swift */; };
		84FD4CD3277C6C9C0071B3E7 /* SceneDelegate.swift in Sources */ = {isa = PBXBuildFile; fileRef = 84FD4CD2277C6C9C0071B3E7 /* SceneDelegate.swift */; };
		84FD4CD8277C6C9C0071B3E7 /* Main.storyboard in Resources */ = {isa = PBXBuildFile; fileRef = 84FD4CD6277C6C9C0071B3E7 /* Main.storyboard */; };
		84FD4CDB277C6C9C0071B3E7 /* Sports_App.xcdatamodeld in Sources */ = {isa = PBXBuildFile; fileRef = 84FD4CD9277C6C9C0071B3E7 /* Sports_App.xcdatamodeld */; };
		84FD4CDD277C6C9D0071B3E7 /* Assets.xcassets in Resources */ = {isa = PBXBuildFile; fileRef = 84FD4CDC277C6C9D0071B3E7 /* Assets.xcassets */; };
		84FD4CE0277C6C9D0071B3E7 /* LaunchScreen.storyboard in Resources */ = {isa = PBXBuildFile; fileRef = 84FD4CDE277C6C9D0071B3E7 /* LaunchScreen.storyboard */; };
		84FD4CE9277C6CF20071B3E7 /* SportsTableViewController.swift in Sources */ = {isa = PBXBuildFile; fileRef = 84FD4CE8277C6CF20071B3E7 /* SportsTableViewController.swift */; };
		84FD4CEB277C6D420071B3E7 /* PlayersTableViewController.swift in Sources */ = {isa = PBXBuildFile; fileRef = 84FD4CEA277C6D420071B3E7 /* PlayersTableViewController.swift */; };
		84FD4CEF277C6F880071B3E7 /* SportTableViewCell.swift in Sources */ = {isa = PBXBuildFile; fileRef = 84FD4CEE277C6F880071B3E7 /* SportTableViewCell.swift */; };
		84FD4CF2277C87B20071B3E7 /* SportEntity.swift in Sources */ = {isa = PBXBuildFile; fileRef = 84FD4CF1277C87B20071B3E7 /* SportEntity.swift */; };
		84FD4CF4277C99B60071B3E7 /* PlayerEntity.swift in Sources */ = {isa = PBXBuildFile; fileRef = 84FD4CF3277C99B60071B3E7 /* PlayerEntity.swift */; };
		84FD4CF7277CCD980071B3E7 /* SportCellDelegates.swift in Sources */ = {isa = PBXBuildFile; fileRef = 84FD4CF6277CCD980071B3E7 /* SportCellDelegates.swift */; };
/* End PBXBuildFile section */

/* Begin PBXFileReference section */
		84FD4CCD277C6C9C0071B3E7 /* Sports App.app */ = {isa = PBXFileReference; explicitFileType = wrapper.application; includeInIndex = 0; path = "Sports App.app"; sourceTree = BUILT_PRODUCTS_DIR; };
		84FD4CD0277C6C9C0071B3E7 /* AppDelegate.swift */ = {isa = PBXFileReference; lastKnownFileType = sourcecode.swift; path = AppDelegate.swift; sourceTree = "<group>"; };
		84FD4CD2277C6C9C0071B3E7 /* SceneDelegate.swift */ = {isa = PBXFileReference; lastKnownFileType = sourcecode.swift; path = SceneDelegate.swift; sourceTree = "<group>"; };
		84FD4CD7277C6C9C0071B3E7 /* Base */ = {isa = PBXFileReference; lastKnownFileType = file.storyboard; name = Base; path = Base.lproj/Main.storyboard; sourceTree = "<group>"; };
		84FD4CDA277C6C9C0071B3E7 /* Sports_App.xcdatamodel */ = {isa = PBXFileReference; lastKnownFileType = wrapper.xcdatamodel; path = Sports_App.xcdatamodel; sourceTree = "<group>"; };
		84FD4CDC277C6C9D0071B3E7 /* Assets.xcassets */ = {isa = PBXFileReference; lastKnownFileType = folder.assetcatalog; path = Assets.xcassets; sourceTree = "<group>"; };
		84FD4CDF277C6C9D0071B3E7 /* Base */ = {isa = PBXFileReference; lastKnownFileType = file.storyboard; name = Base; path = Base.lproj/LaunchScreen.storyboard; sourceTree = "<group>"; };
		84FD4CE1277C6C9D0071B3E7 /* Info.plist */ = {isa = PBXFileReference; lastKnownFileType = text.plist.xml; path = Info.plist; sourceTree = "<group>"; };
		84FD4CE8277C6CF20071B3E7 /* SportsTableViewController.swift */ = {isa = PBXFileReference; lastKnownFileType = sourcecode.swift; path = SportsTableViewController.swift; sourceTree = "<group>"; };
		84FD4CEA277C6D420071B3E7 /* PlayersTableViewController.swift */ = {isa = PBXFileReference; lastKnownFileType = sourcecode.swift; path = PlayersTableViewController.swift; sourceTree = "<group>"; };
		84FD4CEE277C6F880071B3E7 /* SportTableViewCell.swift */ = {isa = PBXFileReference; lastKnownFileType = sourcecode.swift; path = SportTableViewCell.swift; sourceTree = "<group>"; };
		84FD4CF1277C87B20071B3E7 /* SportEntity.swift */ = {isa = PBXFileReference; lastKnownFileType = sourcecode.swift; path = SportEntity.swift; sourceTree = "<group>"; };
		84FD4CF3277C99B60071B3E7 /* PlayerEntity.swift */ = {isa = PBXFileReference; lastKnownFileType = sourcecode.swift; path = PlayerEntity.swift; sourceTree = "<group>"; };
		84FD4CF6277CCD980071B3E7 /* SportCellDelegates.swift */ = {isa = PBXFileReference; lastKnownFileType = sourcecode.swift; path = SportCellDelegates.swift; sourceTree = "<group>"; };
/* End PBXFileReference section */

/* Begin PBXFrameworksBuildPhase section */
		84FD4CCA277C6C9C0071B3E7 /* Frameworks */ = {
			isa = PBXFrameworksBuildPhase;
			buildActionMask = 2147483647;
			files = (
			);
			runOnlyForDeploymentPostprocessing = 0;
		};
/* End PBXFrameworksBuildPhase section */

/* Begin PBXGroup section */
		84FD4CC4277C6C9C0071B3E7 = {
			isa = PBXGroup;
			children = (
				84FD4CCF277C6C9C0071B3E7 /* Sports App */,
				84FD4CCE277C6C9C0071B3E7 /* Products */,
			);
			sourceTree = "<group>";
		};
		84FD4CCE277C6C9C0071B3E7 /* Products */ = {
			isa = PBXGroup;
			children = (
				84FD4CCD277C6C9C0071B3E7 /* Sports App.app */,
			);
			name = Products;
			sourceTree = "<group>";
		};
		84FD4CCF277C6C9C0071B3E7 /* Sports App */ = {
			isa = PBXGroup;
			children = (
				84FD4CF5277CCD7F0071B3E7 /* Delegates */,
				84FD4CF0277C87980071B3E7 /* CoreData */,
				84FD4CED277C6F660071B3E7 /* Views */,
				84FD4CE7277C6CC80071B3E7 /* View Controllers */,
				84FD4CD0277C6C9C0071B3E7 /* AppDelegate.swift */,
				84FD4CD2277C6C9C0071B3E7 /* SceneDelegate.swift */,
				84FD4CD6277C6C9C0071B3E7 /* Main.storyboard */,
				84FD4CDC277C6C9D0071B3E7 /* Assets.xcassets */,
				84FD4CDE277C6C9D0071B3E7 /* LaunchScreen.storyboard */,
				84FD4CE1277C6C9D0071B3E7 /* Info.plist */,
				84FD4CD9277C6C9C0071B3E7 /* Sports_App.xcdatamodeld */,
			);
			path = "Sports App";
			sourceTree = "<group>";
		};
		84FD4CE7277C6CC80071B3E7 /* View Controllers */ = {
			isa = PBXGroup;
			children = (
				84FD4CE8277C6CF20071B3E7 /* SportsTableViewController.swift */,
				84FD4CEA277C6D420071B3E7 /* PlayersTableViewController.swift */,
			);
			path = "View Controllers";
			sourceTree = "<group>";
		};
		84FD4CED277C6F660071B3E7 /* Views */ = {
			isa = PBXGroup;
			children = (
				84FD4CEE277C6F880071B3E7 /* SportTableViewCell.swift */,
			);
			path = Views;
			sourceTree = "<group>";
		};
		84FD4CF0277C87980071B3E7 /* CoreData */ = {
			isa = PBXGroup;
			children = (
				84FD4CF1277C87B20071B3E7 /* SportEntity.swift */,
				84FD4CF3277C99B60071B3E7 /* PlayerEntity.swift */,
			);
			path = CoreData;
			sourceTree = "<group>";
		};
		84FD4CF5277CCD7F0071B3E7 /* Delegates */ = {
			isa = PBXGroup;
			children = (
				84FD4CF6277CCD980071B3E7 /* SportCellDelegates.swift */,
			);
			path = Delegates;
			sourceTree = "<group>";
		};
/* End PBXGroup section */

/* Begin PBXNativeTarget section */
		84FD4CCC277C6C9C0071B3E7 /* Sports App */ = {
			isa = PBXNativeTarget;
			buildConfigurationList = 84FD4CE4277C6C9D0071B3E7 /* Build configuration list for PBXNativeTarget "Sports App" */;
			buildPhases = (
				84FD4CC9277C6C9C0071B3E7 /* Sources */,
				84FD4CCA277C6C9C0071B3E7 /* Frameworks */,
				84FD4CCB277C6C9C0071B3E7 /* Resources */,
			);
			buildRules = (
			);
			dependencies = (
			);
			name = "Sports App";
			productName = "Sports App";
			productReference = 84FD4CCD277C6C9C0071B3E7 /* Sports App.app */;
			productType = "com.apple.product-type.application";
		};
/* End PBXNativeTarget section */

/* Begin PBXProject section */
		84FD4CC5277C6C9C0071B3E7 /* Project object */ = {
			isa = PBXProject;
			attributes = {
				BuildIndependentTargetsInParallel = 1;
				LastSwiftUpdateCheck = 1310;
				LastUpgradeCheck = 1310;
				TargetAttributes = {
					84FD4CCC277C6C9C0071B3E7 = {
						CreatedOnToolsVersion = 13.1;
					};
				};
			};
			buildConfigurationList = 84FD4CC8277C6C9C0071B3E7 /* Build configuration list for PBXProject "Sports App" */;
			compatibilityVersion = "Xcode 13.0";
			developmentRegion = en;
			hasScannedForEncodings = 0;
			knownRegions = (
				en,
				Base,
			);
			mainGroup = 84FD4CC4277C6C9C0071B3E7;
			productRefGroup = 84FD4CCE277C6C9C0071B3E7 /* Products */;
			projectDirPath = "";
			projectRoot = "";
			targets = (
				84FD4CCC277C6C9C0071B3E7 /* Sports App */,
			);
		};
/* End PBXProject section */

/* Begin PBXResourcesBuildPhase section */
		84FD4CCB277C6C9C0071B3E7 /* Resources */ = {
			isa = PBXResourcesBuildPhase;
			buildActionMask = 2147483647;
			files = (
				84FD4CE0277C6C9D0071B3E7 /* LaunchScreen.storyboard in Resources */,
				84FD4CDD277C6C9D0071B3E7 /* Assets.xcassets in Resources */,
				84FD4CD8277C6C9C0071B3E7 /* Main.storyboard in Resources */,
			);
			runOnlyForDeploymentPostprocessing = 0;
		};
/* End PBXResourcesBuildPhase section */

/* Begin PBXSourcesBuildPhase section */
		84FD4CC9277C6C9C0071B3E7 /* Sources */ = {
			isa = PBXSourcesBuildPhase;
			buildActionMask = 2147483647;
			files = (
				84FD4CEF277C6F880071B3E7 /* SportTableViewCell.swift in Sources */,
				84FD4CE9277C6CF20071B3E7 /* SportsTableViewController.swift in Sources */,
				84FD4CD1277C6C9C0071B3E7 /* AppDelegate.swift in Sources */,
				84FD4CF2277C87B20071B3E7 /* SportEntity.swift in Sources */,
				84FD4CF7277CCD980071B3E7 /* SportCellDelegates.swift in Sources */,
				84FD4CDB277C6C9C0071B3E7 /* Sports_App.xcdatamodeld in Sources */,
				84FD4CD3277C6C9C0071B3E7 /* SceneDelegate.swift in Sources */,
				84FD4CEB277C6D420071B3E7 /* PlayersTableViewController.swift in Sources */,
				84FD4CF4277C99B60071B3E7 /* PlayerEntity.swift in Sources */,
			);
			runOnlyForDeploymentPostprocessing = 0;
		};
/* End PBXSourcesBuildPhase section */

/* Begin PBXVariantGroup section */
		84FD4CD6277C6C9C0071B3E7 /* Main.storyboard */ = {
			isa = PBXVariantGroup;
			children = (
				84FD4CD7277C6C9C0071B3E7 /* Base */,
			);
			name = Main.storyboard;
			sourceTree = "<group>";
		};
		84FD4CDE277C6C9D0071B3E7 /* LaunchScreen.storyboard */ = {
			isa = PBXVariantGroup;
			children = (
				84FD4CDF277C6C9D0071B3E7 /* Base */,
			);
			name = LaunchScreen.storyboard;
			sourceTree = "<group>";
		};
/* End PBXVariantGroup section */

/* Begin XCBuildConfiguration section */
		84FD4CE2277C6C9D0071B3E7 /* Debug */ = {
			isa = XCBuildConfiguration;
			buildSettings = {
				ALWAYS_SEARCH_USER_PATHS = NO;
				CLANG_ANALYZER_NONNULL = YES;
				CLANG_ANALYZER_NUMBER_OBJECT_CONVERSION = YES_AGGRESSIVE;
				CLANG_CXX_LANGUAGE_STANDARD = "gnu++17";
				CLANG_CXX_LIBRARY = "libc++";
				CLANG_ENABLE_MODULES = YES;
				CLANG_ENABLE_OBJC_ARC = YES;
				CLANG_ENABLE_OBJC_WEAK = YES;
				CLANG_WARN_BLOCK_CAPTURE_AUTORELEASING = YES;
				CLANG_WARN_BOOL_CONVERSION = YES;
				CLANG_WARN_COMMA = YES;
				CLANG_WARN_CONSTANT_CONVERSION = YES;
				CLANG_WARN_DEPRECATED_OBJC_IMPLEMENTATIONS = YES;
				CLANG_WARN_DIRECT_OBJC_ISA_USAGE = YES_ERROR;
				CLANG_WARN_DOCUMENTATION_COMMENTS = YES;
				CLANG_WARN_EMPTY_BODY = YES;
				CLANG_WARN_ENUM_CONVERSION = YES;
				CLANG_WARN_INFINITE_RECURSION = YES;
				CLANG_WARN_INT_CONVERSION = YES;
				CLANG_WARN_NON_LITERAL_NULL_CONVERSION = YES;
				CLANG_WARN_OBJC_IMPLICIT_RETAIN_SELF = YES;
				CLANG_WARN_OBJC_LITERAL_CONVERSION = YES;
				CLANG_WARN_OBJC_ROOT_CLASS = YES_ERROR;
				CLANG_WARN_QUOTED_INCLUDE_IN_FRAMEWORK_HEADER = YES;
				CLANG_WARN_RANGE_LOOP_ANALYSIS = YES;
				CLANG_WARN_STRICT_PROTOTYPES = YES;
				CLANG_WARN_SUSPICIOUS_MOVE = YES;
				CLANG_WARN_UNGUARDED_AVAILABILITY = YES_AGGRESSIVE;
				CLANG_WARN_UNREACHABLE_CODE = YES;
				CLANG_WARN__DUPLICATE_METHOD_MATCH = YES;
				COPY_PHASE_STRIP = NO;
				DEBUG_INFORMATION_FORMAT = dwarf;
				ENABLE_STRICT_OBJC_MSGSEND = YES;
				ENABLE_TESTABILITY = YES;
				GCC_C_LANGUAGE_STANDARD = gnu11;
				GCC_DYNAMIC_NO_PIC = NO;
				GCC_NO_COMMON_BLOCKS = YES;
				GCC_OPTIMIZATION_LEVEL = 0;
				GCC_PREPROCESSOR_DEFINITIONS = (
					"DEBUG=1",
					"$(inherited)",
				);
				GCC_WARN_64_TO_32_BIT_CONVERSION = YES;
				GCC_WARN_ABOUT_RETURN_TYPE = YES_ERROR;
				GCC_WARN_UNDECLARED_SELECTOR = YES;
				GCC_WARN_UNINITIALIZED_AUTOS = YES_AGGRESSIVE;
				GCC_WARN_UNUSED_FUNCTION = YES;
				GCC_WARN_UNUSED_VARIABLE = YES;
				IPHONEOS_DEPLOYMENT_TARGET = 15.0;
				MTL_ENABLE_DEBUG_INFO = INCLUDE_SOURCE;
				MTL_FAST_MATH = YES;
				ONLY_ACTIVE_ARCH = YES;
				SDKROOT = iphoneos;
				SWIFT_ACTIVE_COMPILATION_CONDITIONS = DEBUG;
				SWIFT_OPTIMIZATION_LEVEL = "-Onone";
			};
			name = Debug;
		};
		84FD4CE3277C6C9D0071B3E7 /* Release */ = {
			isa = XCBuildConfiguration;
			buildSettings = {
				ALWAYS_SEARCH_USER_PATHS = NO;
				CLANG_ANALYZER_NONNULL = YES;
				CLANG_ANALYZER_NUMBER_OBJECT_CONVERSION = YES_AGGRESSIVE;
				CLANG_CXX_LANGUAGE_STANDARD = "gnu++17";
				CLANG_CXX_LIBRARY = "libc++";
				CLANG_ENABLE_MODULES = YES;
				CLANG_ENABLE_OBJC_ARC = YES;
				CLANG_ENABLE_OBJC_WEAK = YES;
				CLANG_WARN_BLOCK_CAPTURE_AUTORELEASING = YES;
				CLANG_WARN_BOOL_CONVERSION = YES;
				CLANG_WARN_COMMA = YES;
				CLANG_WARN_CONSTANT_CONVERSION = YES;
				CLANG_WARN_DEPRECATED_OBJC_IMPLEMENTATIONS = YES;
				CLANG_WARN_DIRECT_OBJC_ISA_USAGE = YES_ERROR;
				CLANG_WARN_DOCUMENTATION_COMMENTS = YES;
				CLANG_WARN_EMPTY_BODY = YES;
				CLANG_WARN_ENUM_CONVERSION = YES;
				CLANG_WARN_INFINITE_RECURSION = YES;
				CLANG_WARN_INT_CONVERSION = YES;
				CLANG_WARN_NON_LITERAL_NULL_CONVERSION = YES;
				CLANG_WARN_OBJC_IMPLICIT_RETAIN_SELF = YES;
				CLANG_WARN_OBJC_LITERAL_CONVERSION = YES;
				CLANG_WARN_OBJC_ROOT_CLASS = YES_ERROR;
				CLANG_WARN_QUOTED_INCLUDE_IN_FRAMEWORK_HEADER = YES;
				CLANG_WARN_RANGE_LOOP_ANALYSIS = YES;
				CLANG_WARN_STRICT_PROTOTYPES = YES;
				CLANG_WARN_SUSPICIOUS_MOVE = YES;
				CLANG_WARN_UNGUARDED_AVAILABILITY = YES_AGGRESSIVE;
				CLANG_WARN_UNREACHABLE_CODE = YES;
				CLANG_WARN__DUPLICATE_METHOD_MATCH = YES;
				COPY_PHASE_STRIP = NO;
				DEBUG_INFORMATION_FORMAT = "dwarf-with-dsym";
				ENABLE_NS_ASSERTIONS = NO;
				ENABLE_STRICT_OBJC_MSGSEND = YES;
				GCC_C_LANGUAGE_STANDARD = gnu11;
				GCC_NO_COMMON_BLOCKS = YES;
				GCC_WARN_64_TO_32_BIT_CONVERSION = YES;
				GCC_WARN_ABOUT_RETURN_TYPE = YES_ERROR;
				GCC_WARN_UNDECLARED_SELECTOR = YES;
				GCC_WARN_UNINITIALIZED_AUTOS = YES_AGGRESSIVE;
				GCC_WARN_UNUSED_FUNCTION = YES;
				GCC_WARN_UNUSED_VARIABLE = YES;
				IPHONEOS_DEPLOYMENT_TARGET = 15.0;
				MTL_ENABLE_DEBUG_INFO = NO;
				MTL_FAST_MATH = YES;
				SDKROOT = iphoneos;
				SWIFT_COMPILATION_MODE = wholemodule;
				SWIFT_OPTIMIZATION_LEVEL = "-O";
				VALIDATE_PRODUCT = YES;
			};
			name = Release;
		};
		84FD4CE5277C6C9D0071B3E7 /* Debug */ = {
			isa = XCBuildConfiguration;
			buildSettings = {
				ASSETCATALOG_COMPILER_APPICON_NAME = AppIcon;
				ASSETCATALOG_COMPILER_GLOBAL_ACCENT_COLOR_NAME = AccentColor;
				CODE_SIGN_STYLE = Automatic;
				CURRENT_PROJECT_VERSION = 1;
				GENERATE_INFOPLIST_FILE = YES;
				INFOPLIST_FILE = "Sports App/Info.plist";
				INFOPLIST_KEY_UIApplicationSupportsIndirectInputEvents = YES;
				INFOPLIST_KEY_UILaunchStoryboardName = LaunchScreen;
				INFOPLIST_KEY_UIMainStoryboardFile = Main;
				INFOPLIST_KEY_UISupportedInterfaceOrientations = "UIInterfaceOrientationPortrait UIInterfaceOrientationLandscapeLeft UIInterfaceOrientationLandscapeRight";
				INFOPLIST_KEY_UISupportedInterfaceOrientations_iPad = "UIInterfaceOrientationPortrait UIInterfaceOrientationPortraitUpsideDown UIInterfaceOrientationLandscapeLeft UIInterfaceOrientationLandscapeRight";
				INFOPLIST_KEY_UISupportedInterfaceOrientations_iPhone = "UIInterfaceOrientationPortrait UIInterfaceOrientationLandscapeLeft UIInterfaceOrientationLandscapeRight";
				LD_RUNPATH_SEARCH_PATHS = (
					"$(inherited)",
					"@executable_path/Frameworks",
				);
				MARKETING_VERSION = 1.0;
				PRODUCT_BUNDLE_IDENTIFIER = "com.zahra.Sports-App";
				PRODUCT_NAME = "$(TARGET_NAME)";
				SWIFT_EMIT_LOC_STRINGS = YES;
				SWIFT_VERSION = 5.0;
				TARGETED_DEVICE_FAMILY = "1,2";
			};
			name = Debug;
		};
		84FD4CE6277C6C9D0071B3E7 /* Release */ = {
			isa = XCBuildConfiguration;
			buildSettings = {
				ASSETCATALOG_COMPILER_APPICON_NAME = AppIcon;
				ASSETCATALOG_COMPILER_GLOBAL_ACCENT_COLOR_NAME = AccentColor;
				CODE_SIGN_STYLE = Automatic;
				CURRENT_PROJECT_VERSION = 1;
				GENERATE_INFOPLIST_FILE = YES;
				INFOPLIST_FILE = "Sports App/Info.plist";
				INFOPLIST_KEY_UIApplicationSupportsIndirectInputEvents = YES;
				INFOPLIST_KEY_UILaunchStoryboardName = LaunchScreen;
				INFOPLIST_KEY_UIMainStoryboardFile = Main;
				INFOPLIST_KEY_UISupportedInterfaceOrientations = "UIInterfaceOrientationPortrait UIInterfaceOrientationLandscapeLeft UIInterfaceOrientationLandscapeRight";
				INFOPLIST_KEY_UISupportedInterfaceOrientations_iPad = "UIInterfaceOrientationPortrait UIInterfaceOrientationPortraitUpsideDown UIInterfaceOrientationLandscapeLeft UIInterfaceOrientationLandscapeRight";
				INFOPLIST_KEY_UISupportedInterfaceOrientations_iPhone = "UIInterfaceOrientationPortrait UIInterfaceOrientationLandscapeLeft UIInterfaceOrientationLandscapeRight";
				LD_RUNPATH_SEARCH_PATHS = (
					"$(inherited)",
					"@executable_path/Frameworks",
				);
				MARKETING_VERSION = 1.0;
				PRODUCT_BUNDLE_IDENTIFIER = "com.zahra.Sports-App";
				PRODUCT_NAME = "$(TARGET_NAME)";
				SWIFT_EMIT_LOC_STRINGS = YES;
				SWIFT_VERSION = 5.0;
				TARGETED_DEVICE_FAMILY = "1,2";
			};
			name = Release;
		};
/* End XCBuildConfiguration section */

/* Begin XCConfigurationList section */
		84FD4CC8277C6C9C0071B3E7 /* Build configuration list for PBXProject "Sports App" */ = {
			isa = XCConfigurationList;
			buildConfigurations = (
				84FD4CE2277C6C9D0071B3E7 /* Debug */,
				84FD4CE3277C6C9D0071B3E7 /* Release */,
			);
			defaultConfigurationIsVisible = 0;
			defaultConfigurationName = Release;
		};
		84FD4CE4277C6C9D0071B3E7 /* Build configuration list for PBXNativeTarget "Sports App" */ = {
			isa = XCConfigurationList;
			buildConfigurations = (
				84FD4CE5277C6C9D0071B3E7 /* Debug */,
				84FD4CE6277C6C9D0071B3E7 /* Release */,
			);
			defaultConfigurationIsVisible = 0;
			defaultConfigurationName = Release;
		};
/* End XCConfigurationList section */

/* Begin XCVersionGroup section */
		84FD4CD9277C6C9C0071B3E7 /* Sports_App.xcdatamodeld */ = {
			isa = XCVersionGroup;
			children = (
				84FD4CDA277C6C9C0071B3E7 /* Sports_App.xcdatamodel */,
			);
			currentVersion = 84FD4CDA277C6C9C0071B3E7 /* Sports_App.xcdatamodel */;
			path = Sports_App.xcdatamodeld;
			sourceTree = "<group>";
			versionGroupType = wrapper.xcdatamodel;
		};
/* End XCVersionGroup section */
	};
	rootObject = 84FD4CC5277C6C9C0071B3E7 /* Project object */;
}
